
Microsoft Visual Studio Solution File, Format Version 12.00
# Visual Studio Version 17
VisualStudioVersion = 17.4.33103.184
MinimumVisualStudioVersion = 10.0.40219.1
Project("{FAE04EC0-301F-11D3-BF4B-00C04F79EFBC}") = "SignalRClient", "SignalRClient\SignalRClient.csproj", "{A2C47E18-AD72-4566-83EB-5BB684A7CF9B}"
EndProject
Global
	GlobalSection(SolutionConfigurationPlatforms) = preSolution
		Debug|Any CPU = Debug|Any CPU
		Release|Any CPU = Release|Any CPU
	EndGlobalSection
	GlobalSection(ProjectConfigurationPlatforms) = postSolution
		{A2C47E18-AD72-4566-83EB-5BB684A7CF9B}.Debug|Any CPU.ActiveCfg = Debug|Any CPU
		{A2C47E18-AD72-4566-83EB-5BB684A7CF9B}.Debug|Any CPU.Build.0 = Debug|Any CPU
		{A2C47E18-AD72-4566-83EB-5BB684A7CF9B}.Release|Any CPU.ActiveCfg = Release|Any CPU
		{A2C47E18-AD72-4566-83EB-5BB684A7CF9B}.Release|Any CPU.Build.0 = Release|Any CPU
	EndGlobalSection
	GlobalSection(SolutionProperties) = preSolution
		HideSolutionNode = FALSE
	EndGlobalSection
	GlobalSection(ExtensibilityGlobals) = postSolution
		SolutionGuid = {5B8EFD1F-571E-45E7-B29B-8C7F2066C1CC}
	EndGlobalSection
EndGlobal
